// !$*UTF8*$!
{
	archiveVersion = 1;
	classes = {
	};
	objectVersion = 46;
	objects = {

/* Begin PBXBuildFile section */
		1A85FA6C1AE39710006ECA6C /* AppDelegate.swift in Sources */ = {isa = PBXBuildFile; fileRef = 1A85FA6B1AE39710006ECA6C /* AppDelegate.swift */; };
		1A85FA731AE39710006ECA6C /* Main.storyboard in Resources */ = {isa = PBXBuildFile; fileRef = 1A85FA711AE39710006ECA6C /* Main.storyboard */; };
		1A85FA751AE39710006ECA6C /* Images.xcassets in Resources */ = {isa = PBXBuildFile; fileRef = 1A85FA741AE39710006ECA6C /* Images.xcassets */; };
		1A85FA781AE39710006ECA6C /* LaunchScreen.xib in Resources */ = {isa = PBXBuildFile; fileRef = 1A85FA761AE39710006ECA6C /* LaunchScreen.xib */; };
		1A85FA841AE39710006ECA6C /* iAdminTests.swift in Sources */ = {isa = PBXBuildFile; fileRef = 1A85FA831AE39710006ECA6C /* iAdminTests.swift */; };
		4760460C1677E112AD3B3DBD /* Pods.framework in Frameworks */ = {isa = PBXBuildFile; fileRef = CD47BA90A74E72EE651A7509 /* Pods.framework */; settings = {ATTRIBUTES = (Weak, ); }; };
		7CE3F2511A8AABA900B062E1 /* AppDelegate.swift in Sources */ = {isa = PBXBuildFile; fileRef = 7CE3F2501A8AABA900B062E1 /* AppDelegate.swift */; };
		7CE3F2531A8AABA900B062E1 /* DetailsViewController.swift in Sources */ = {isa = PBXBuildFile; fileRef = 7CE3F2521A8AABA900B062E1 /* DetailsViewController.swift */; };
		7CE3F2561A8AABA900B062E1 /* Main.storyboard in Resources */ = {isa = PBXBuildFile; fileRef = 7CE3F2541A8AABA900B062E1 /* Main.storyboard */; };
		7CE3F2581A8AABA900B062E1 /* Images.xcassets in Resources */ = {isa = PBXBuildFile; fileRef = 7CE3F2571A8AABA900B062E1 /* Images.xcassets */; };
		7CE3F25B1A8AABA900B062E1 /* LaunchScreen.xib in Resources */ = {isa = PBXBuildFile; fileRef = 7CE3F2591A8AABA900B062E1 /* LaunchScreen.xib */; };
		7CE3F2671A8AABA900B062E1 /* iBeaconsTests.swift in Sources */ = {isa = PBXBuildFile; fileRef = 7CE3F2661A8AABA900B062E1 /* iBeaconsTests.swift */; };
		7CE3F2711A8AAC8400B062E1 /* Podfile in Resources */ = {isa = PBXBuildFile; fileRef = 7CE3F2701A8AAC8400B062E1 /* Podfile */; };
		C92C5241C80FB7B06B0C27E2 /* Pods.framework in Frameworks */ = {isa = PBXBuildFile; fileRef = CD47BA90A74E72EE651A7509 /* Pods.framework */; settings = {ATTRIBUTES = (Weak, ); }; };
		FF00B3991ABEF244005140B2 /* UrlDetailsViewController.swift in Sources */ = {isa = PBXBuildFile; fileRef = FF00B3981ABEF244005140B2 /* UrlDetailsViewController.swift */; };
		FF0AFE941AF01F2700B21462 /* InitViewController.swift in Sources */ = {isa = PBXBuildFile; fileRef = FF0AFE931AF01F2700B21462 /* InitViewController.swift */; };
		FF0AFE961AF0235600B21462 /* BeaconsTableViewController.swift in Sources */ = {isa = PBXBuildFile; fileRef = FF0AFE951AF0235600B21462 /* BeaconsTableViewController.swift */; };
		FF3084661AF0918D00495295 /* BeaconTableViewCell.swift in Sources */ = {isa = PBXBuildFile; fileRef = FF3084651AF0918D00495295 /* BeaconTableViewCell.swift */; };
		FF3084681AF097E500495295 /* BeaconDetailsViewController.swift in Sources */ = {isa = PBXBuildFile; fileRef = FF3084671AF097E500495295 /* BeaconDetailsViewController.swift */; };
		FF35CA6A1ADCC14500D02526 /* Utils.swift in Sources */ = {isa = PBXBuildFile; fileRef = FF35CA691ADCC14500D02526 /* Utils.swift */; };
		FF876D621AA62A000013D613 /* BejkonREST.swift in Sources */ = {isa = PBXBuildFile; fileRef = FF876D611AA62A000013D613 /* BejkonREST.swift */; };
		FF9C12BD1AF15F330065C9F5 /* Beacon.swift in Sources */ = {isa = PBXBuildFile; fileRef = FF9C12BC1AF15F330065C9F5 /* Beacon.swift */; };
		FF9C12BF1AF15F6E0065C9F5 /* BeaconFeeder.swift in Sources */ = {isa = PBXBuildFile; fileRef = FF9C12BE1AF15F6E0065C9F5 /* BeaconFeeder.swift */; };
		FFB536691AB5C82500F98554 /* NoSignalViewController.swift in Sources */ = {isa = PBXBuildFile; fileRef = FFB536681AB5C82500F98554 /* NoSignalViewController.swift */; };
		FFDC71101AB1F8C100AB2D0A /* BeaconManager.swift in Sources */ = {isa = PBXBuildFile; fileRef = FFDC710F1AB1F8C100AB2D0A /* BeaconManager.swift */; };
/* End PBXBuildFile section */

/* Begin PBXContainerItemProxy section */
		1A85FA7E1AE39710006ECA6C /* PBXContainerItemProxy */ = {
			isa = PBXContainerItemProxy;
			containerPortal = 7CE3F2431A8AABA900B062E1 /* Project object */;
			proxyType = 1;
			remoteGlobalIDString = 1A85FA661AE39710006ECA6C;
			remoteInfo = iAdmin;
		};
		7CE3F2611A8AABA900B062E1 /* PBXContainerItemProxy */ = {
			isa = PBXContainerItemProxy;
			containerPortal = 7CE3F2431A8AABA900B062E1 /* Project object */;
			proxyType = 1;
			remoteGlobalIDString = 7CE3F24A1A8AABA900B062E1;
			remoteInfo = iBeacons;
		};
/* End PBXContainerItemProxy section */

/* Begin PBXFileReference section */
		099D27526693DBED581D63FF /* Pods.debug.xcconfig */ = {isa = PBXFileReference; includeInIndex = 1; lastKnownFileType = text.xcconfig; name = Pods.debug.xcconfig; path = "Pods/Target Support Files/Pods/Pods.debug.xcconfig"; sourceTree = "<group>"; };
		1A85FA671AE39710006ECA6C /* iAdmin.app */ = {isa = PBXFileReference; explicitFileType = wrapper.application; includeInIndex = 0; path = iAdmin.app; sourceTree = BUILT_PRODUCTS_DIR; };
		1A85FA6A1AE39710006ECA6C /* Info.plist */ = {isa = PBXFileReference; lastKnownFileType = text.plist.xml; path = Info.plist; sourceTree = "<group>"; };
		1A85FA6B1AE39710006ECA6C /* AppDelegate.swift */ = {isa = PBXFileReference; lastKnownFileType = sourcecode.swift; path = AppDelegate.swift; sourceTree = "<group>"; };
		1A85FA721AE39710006ECA6C /* Base */ = {isa = PBXFileReference; lastKnownFileType = file.storyboard; name = Base; path = Base.lproj/Main.storyboard; sourceTree = "<group>"; };
		1A85FA741AE39710006ECA6C /* Images.xcassets */ = {isa = PBXFileReference; lastKnownFileType = folder.assetcatalog; path = Images.xcassets; sourceTree = "<group>"; };
		1A85FA771AE39710006ECA6C /* Base */ = {isa = PBXFileReference; lastKnownFileType = file.xib; name = Base; path = Base.lproj/LaunchScreen.xib; sourceTree = "<group>"; };
		1A85FA7D1AE39710006ECA6C /* iAdminTests.xctest */ = {isa = PBXFileReference; explicitFileType = wrapper.cfbundle; includeInIndex = 0; path = iAdminTests.xctest; sourceTree = BUILT_PRODUCTS_DIR; };
		1A85FA821AE39710006ECA6C /* Info.plist */ = {isa = PBXFileReference; lastKnownFileType = text.plist.xml; path = Info.plist; sourceTree = "<group>"; };
		1A85FA831AE39710006ECA6C /* iAdminTests.swift */ = {isa = PBXFileReference; lastKnownFileType = sourcecode.swift; path = iAdminTests.swift; sourceTree = "<group>"; };
		7CE3F24B1A8AABA900B062E1 /* iBeacons.app */ = {isa = PBXFileReference; explicitFileType = wrapper.application; includeInIndex = 0; path = iBeacons.app; sourceTree = BUILT_PRODUCTS_DIR; };
		7CE3F24F1A8AABA900B062E1 /* Info.plist */ = {isa = PBXFileReference; lastKnownFileType = text.plist.xml; path = Info.plist; sourceTree = "<group>"; };
		7CE3F2501A8AABA900B062E1 /* AppDelegate.swift */ = {isa = PBXFileReference; lastKnownFileType = sourcecode.swift; path = AppDelegate.swift; sourceTree = "<group>"; };
		7CE3F2521A8AABA900B062E1 /* DetailsViewController.swift */ = {isa = PBXFileReference; lastKnownFileType = sourcecode.swift; path = DetailsViewController.swift; sourceTree = "<group>"; };
		7CE3F2551A8AABA900B062E1 /* Base */ = {isa = PBXFileReference; lastKnownFileType = file.storyboard; name = Base; path = Base.lproj/Main.storyboard; sourceTree = "<group>"; };
		7CE3F2571A8AABA900B062E1 /* Images.xcassets */ = {isa = PBXFileReference; lastKnownFileType = folder.assetcatalog; path = Images.xcassets; sourceTree = "<group>"; };
		7CE3F25A1A8AABA900B062E1 /* Base */ = {isa = PBXFileReference; lastKnownFileType = file.xib; name = Base; path = Base.lproj/LaunchScreen.xib; sourceTree = "<group>"; };
		7CE3F2601A8AABA900B062E1 /* iBeaconsTests.xctest */ = {isa = PBXFileReference; explicitFileType = wrapper.cfbundle; includeInIndex = 0; path = iBeaconsTests.xctest; sourceTree = BUILT_PRODUCTS_DIR; };
		7CE3F2651A8AABA900B062E1 /* Info.plist */ = {isa = PBXFileReference; lastKnownFileType = text.plist.xml; path = Info.plist; sourceTree = "<group>"; };
		7CE3F2661A8AABA900B062E1 /* iBeaconsTests.swift */ = {isa = PBXFileReference; lastKnownFileType = sourcecode.swift; path = iBeaconsTests.swift; sourceTree = "<group>"; };
		7CE3F2701A8AAC8400B062E1 /* Podfile */ = {isa = PBXFileReference; fileEncoding = 4; lastKnownFileType = text; path = Podfile; sourceTree = "<group>"; xcLanguageSpecificationIdentifier = xcode.lang.ruby; };
		B67A35AA18216FDAE0D80797 /* Pods.release.xcconfig */ = {isa = PBXFileReference; includeInIndex = 1; lastKnownFileType = text.xcconfig; name = Pods.release.xcconfig; path = "Pods/Target Support Files/Pods/Pods.release.xcconfig"; sourceTree = "<group>"; };
		CD47BA90A74E72EE651A7509 /* Pods.framework */ = {isa = PBXFileReference; explicitFileType = wrapper.framework; includeInIndex = 0; path = Pods.framework; sourceTree = BUILT_PRODUCTS_DIR; };
		FF00B3981ABEF244005140B2 /* UrlDetailsViewController.swift */ = {isa = PBXFileReference; fileEncoding = 4; lastKnownFileType = sourcecode.swift; path = UrlDetailsViewController.swift; sourceTree = "<group>"; };
		FF0AFE931AF01F2700B21462 /* InitViewController.swift */ = {isa = PBXFileReference; fileEncoding = 4; lastKnownFileType = sourcecode.swift; path = InitViewController.swift; sourceTree = "<group>"; };
		FF0AFE951AF0235600B21462 /* BeaconsTableViewController.swift */ = {isa = PBXFileReference; fileEncoding = 4; lastKnownFileType = sourcecode.swift; path = BeaconsTableViewController.swift; sourceTree = "<group>"; };
		FF0C19AF1AE40FC60036CE74 /* ObjCBridge.h */ = {isa = PBXFileReference; fileEncoding = 4; lastKnownFileType = sourcecode.c.h; path = ObjCBridge.h; sourceTree = "<group>"; };
		FF3084651AF0918D00495295 /* BeaconTableViewCell.swift */ = {isa = PBXFileReference; fileEncoding = 4; lastKnownFileType = sourcecode.swift; path = BeaconTableViewCell.swift; sourceTree = "<group>"; };
		FF3084671AF097E500495295 /* BeaconDetailsViewController.swift */ = {isa = PBXFileReference; fileEncoding = 4; lastKnownFileType = sourcecode.swift; path = BeaconDetailsViewController.swift; sourceTree = "<group>"; };
		FF35CA691ADCC14500D02526 /* Utils.swift */ = {isa = PBXFileReference; fileEncoding = 4; lastKnownFileType = sourcecode.swift; path = Utils.swift; sourceTree = "<group>"; };
		FF876D611AA62A000013D613 /* BejkonREST.swift */ = {isa = PBXFileReference; fileEncoding = 4; lastKnownFileType = sourcecode.swift; path = BejkonREST.swift; sourceTree = "<group>"; };
		FF9C12BC1AF15F330065C9F5 /* Beacon.swift */ = {isa = PBXFileReference; fileEncoding = 4; lastKnownFileType = sourcecode.swift; path = Beacon.swift; sourceTree = "<group>"; };
		FF9C12BE1AF15F6E0065C9F5 /* BeaconFeeder.swift */ = {isa = PBXFileReference; fileEncoding = 4; lastKnownFileType = sourcecode.swift; path = BeaconFeeder.swift; sourceTree = "<group>"; };
		FFB536681AB5C82500F98554 /* NoSignalViewController.swift */ = {isa = PBXFileReference; fileEncoding = 4; lastKnownFileType = sourcecode.swift; path = NoSignalViewController.swift; sourceTree = "<group>"; };
		FFDC710F1AB1F8C100AB2D0A /* BeaconManager.swift */ = {isa = PBXFileReference; fileEncoding = 4; lastKnownFileType = sourcecode.swift; path = BeaconManager.swift; sourceTree = "<group>"; };
/* End PBXFileReference section */

/* Begin PBXFrameworksBuildPhase section */
		1A85FA641AE39710006ECA6C /* Frameworks */ = {
			isa = PBXFrameworksBuildPhase;
			buildActionMask = 2147483647;
			files = (
				4760460C1677E112AD3B3DBD /* Pods.framework in Frameworks */,
			);
			runOnlyForDeploymentPostprocessing = 0;
		};
		1A85FA7A1AE39710006ECA6C /* Frameworks */ = {
			isa = PBXFrameworksBuildPhase;
			buildActionMask = 2147483647;
			files = (
			);
			runOnlyForDeploymentPostprocessing = 0;
		};
		7CE3F2481A8AABA900B062E1 /* Frameworks */ = {
			isa = PBXFrameworksBuildPhase;
			buildActionMask = 2147483647;
			files = (
				C92C5241C80FB7B06B0C27E2 /* Pods.framework in Frameworks */,
			);
			runOnlyForDeploymentPostprocessing = 0;
		};
		7CE3F25D1A8AABA900B062E1 /* Frameworks */ = {
			isa = PBXFrameworksBuildPhase;
			buildActionMask = 2147483647;
			files = (
			);
			runOnlyForDeploymentPostprocessing = 0;
		};
/* End PBXFrameworksBuildPhase section */

/* Begin PBXGroup section */
		1A85FA681AE39710006ECA6C /* iAdmin */ = {
			isa = PBXGroup;
			children = (
				FF9C12BB1AF15F1B0065C9F5 /* Beacon */,
				FF0AFE931AF01F2700B21462 /* InitViewController.swift */,
				FF0AFE951AF0235600B21462 /* BeaconsTableViewController.swift */,
				FF3084651AF0918D00495295 /* BeaconTableViewCell.swift */,
				FF3084671AF097E500495295 /* BeaconDetailsViewController.swift */,
				1A85FA711AE39710006ECA6C /* Main.storyboard */,
				1A85FA691AE39710006ECA6C /* Supporting Files */,
			);
			path = iAdmin;
			sourceTree = "<group>";
		};
		1A85FA691AE39710006ECA6C /* Supporting Files */ = {
			isa = PBXGroup;
			children = (
				1A85FA741AE39710006ECA6C /* Images.xcassets */,
				1A85FA761AE39710006ECA6C /* LaunchScreen.xib */,
				1A85FA6B1AE39710006ECA6C /* AppDelegate.swift */,
				1A85FA6A1AE39710006ECA6C /* Info.plist */,
				FF0C19AF1AE40FC60036CE74 /* ObjCBridge.h */,
			);
			name = "Supporting Files";
			sourceTree = "<group>";
		};
		1A85FA801AE39710006ECA6C /* iAdminTests */ = {
			isa = PBXGroup;
			children = (
				1A85FA831AE39710006ECA6C /* iAdminTests.swift */,
				1A85FA811AE39710006ECA6C /* Supporting Files */,
			);
			path = iAdminTests;
			sourceTree = "<group>";
		};
		1A85FA811AE39710006ECA6C /* Supporting Files */ = {
			isa = PBXGroup;
			children = (
				1A85FA821AE39710006ECA6C /* Info.plist */,
			);
			name = "Supporting Files";
			sourceTree = "<group>";
		};
		7CE3F2421A8AABA900B062E1 = {
			isa = PBXGroup;
			children = (
				7CE3F2701A8AAC8400B062E1 /* Podfile */,
				7CE3F24D1A8AABA900B062E1 /* iBeacons */,
				7CE3F2631A8AABA900B062E1 /* iBeaconsTests */,
				1A85FA681AE39710006ECA6C /* iAdmin */,
				1A85FA801AE39710006ECA6C /* iAdminTests */,
				7CE3F24C1A8AABA900B062E1 /* Products */,
				94ECF2BB35DB98AE818B506E /* Pods */,
				8EA53603DBC6F2D81A770CFE /* Frameworks */,
			);
			sourceTree = "<group>";
		};
		7CE3F24C1A8AABA900B062E1 /* Products */ = {
			isa = PBXGroup;
			children = (
				7CE3F24B1A8AABA900B062E1 /* iBeacons.app */,
				7CE3F2601A8AABA900B062E1 /* iBeaconsTests.xctest */,
				1A85FA671AE39710006ECA6C /* iAdmin.app */,
				1A85FA7D1AE39710006ECA6C /* iAdminTests.xctest */,
			);
			name = Products;
			sourceTree = "<group>";
		};
		7CE3F24D1A8AABA900B062E1 /* iBeacons */ = {
			isa = PBXGroup;
			children = (
				FFDC710F1AB1F8C100AB2D0A /* BeaconManager.swift */,
				7CE3F2521A8AABA900B062E1 /* DetailsViewController.swift */,
				FF00B3981ABEF244005140B2 /* UrlDetailsViewController.swift */,
				FFB536681AB5C82500F98554 /* NoSignalViewController.swift */,
				FF876D611AA62A000013D613 /* BejkonREST.swift */,
				7CE3F2541A8AABA900B062E1 /* Main.storyboard */,
				FF35CA691ADCC14500D02526 /* Utils.swift */,
				7CE3F24E1A8AABA900B062E1 /* Supporting Files */,
			);
			path = iBeacons;
			sourceTree = "<group>";
		};
		7CE3F24E1A8AABA900B062E1 /* Supporting Files */ = {
			isa = PBXGroup;
			children = (
				7CE3F2501A8AABA900B062E1 /* AppDelegate.swift */,
				7CE3F2571A8AABA900B062E1 /* Images.xcassets */,
				7CE3F2591A8AABA900B062E1 /* LaunchScreen.xib */,
				7CE3F24F1A8AABA900B062E1 /* Info.plist */,
			);
			name = "Supporting Files";
			sourceTree = "<group>";
		};
		7CE3F2631A8AABA900B062E1 /* iBeaconsTests */ = {
			isa = PBXGroup;
			children = (
				7CE3F2661A8AABA900B062E1 /* iBeaconsTests.swift */,
				7CE3F2641A8AABA900B062E1 /* Supporting Files */,
			);
			path = iBeaconsTests;
			sourceTree = "<group>";
		};
		7CE3F2641A8AABA900B062E1 /* Supporting Files */ = {
			isa = PBXGroup;
			children = (
				7CE3F2651A8AABA900B062E1 /* Info.plist */,
			);
			name = "Supporting Files";
			sourceTree = "<group>";
		};
		8EA53603DBC6F2D81A770CFE /* Frameworks */ = {
			isa = PBXGroup;
			children = (
				CD47BA90A74E72EE651A7509 /* Pods.framework */,
			);
			name = Frameworks;
			sourceTree = "<group>";
		};
		94ECF2BB35DB98AE818B506E /* Pods */ = {
			isa = PBXGroup;
			children = (
				099D27526693DBED581D63FF /* Pods.debug.xcconfig */,
				B67A35AA18216FDAE0D80797 /* Pods.release.xcconfig */,
			);
			name = Pods;
			sourceTree = "<group>";
		};
		FF9C12BB1AF15F1B0065C9F5 /* Beacon */ = {
			isa = PBXGroup;
			children = (
				FF9C12BC1AF15F330065C9F5 /* Beacon.swift */,
				FF9C12BE1AF15F6E0065C9F5 /* BeaconFeeder.swift */,
			);
			name = Beacon;
			sourceTree = "<group>";
		};
/* End PBXGroup section */

/* Begin PBXNativeTarget section */
		1A85FA661AE39710006ECA6C /* iAdmin */ = {
			isa = PBXNativeTarget;
			buildConfigurationList = 1A85FA891AE39710006ECA6C /* Build configuration list for PBXNativeTarget "iAdmin" */;
			buildPhases = (
				4D8B7ACCB4AA0843473751A7 /* Check Pods Manifest.lock */,
				1A85FA631AE39710006ECA6C /* Sources */,
				1A85FA641AE39710006ECA6C /* Frameworks */,
				1A85FA651AE39710006ECA6C /* Resources */,
				B434C9C5BBC3A5629973AED2 /* Embed Pods Frameworks */,
				887ADB8104804D2F817EF6D2 /* Copy Pods Resources */,
			);
			buildRules = (
			);
			dependencies = (
			);
			name = iAdmin;
			productName = iAdmin;
			productReference = 1A85FA671AE39710006ECA6C /* iAdmin.app */;
			productType = "com.apple.product-type.application";
		};
		1A85FA7C1AE39710006ECA6C /* iAdminTests */ = {
			isa = PBXNativeTarget;
			buildConfigurationList = 1A85FA8A1AE39710006ECA6C /* Build configuration list for PBXNativeTarget "iAdminTests" */;
			buildPhases = (
				1A85FA791AE39710006ECA6C /* Sources */,
				1A85FA7A1AE39710006ECA6C /* Frameworks */,
				1A85FA7B1AE39710006ECA6C /* Resources */,
			);
			buildRules = (
			);
			dependencies = (
				1A85FA7F1AE39710006ECA6C /* PBXTargetDependency */,
			);
			name = iAdminTests;
			productName = iAdminTests;
			productReference = 1A85FA7D1AE39710006ECA6C /* iAdminTests.xctest */;
			productType = "com.apple.product-type.bundle.unit-test";
		};
		7CE3F24A1A8AABA900B062E1 /* iBeacons */ = {
			isa = PBXNativeTarget;
			buildConfigurationList = 7CE3F26A1A8AABA900B062E1 /* Build configuration list for PBXNativeTarget "iBeacons" */;
			buildPhases = (
				134F0F46B6A7ABBA3521F8A5 /* Check Pods Manifest.lock */,
				7CE3F2471A8AABA900B062E1 /* Sources */,
				7CE3F2481A8AABA900B062E1 /* Frameworks */,
				7CE3F2491A8AABA900B062E1 /* Resources */,
				37B8E9E89126E347BA147490 /* Copy Pods Resources */,
				9E8DCE7ABCA56535A31D8E36 /* Embed Pods Frameworks */,
			);
			buildRules = (
			);
			dependencies = (
			);
			name = iBeacons;
			productName = iBeacons;
			productReference = 7CE3F24B1A8AABA900B062E1 /* iBeacons.app */;
			productType = "com.apple.product-type.application";
		};
		7CE3F25F1A8AABA900B062E1 /* iBeaconsTests */ = {
			isa = PBXNativeTarget;
			buildConfigurationList = 7CE3F26D1A8AABA900B062E1 /* Build configuration list for PBXNativeTarget "iBeaconsTests" */;
			buildPhases = (
				7CE3F25C1A8AABA900B062E1 /* Sources */,
				7CE3F25D1A8AABA900B062E1 /* Frameworks */,
				7CE3F25E1A8AABA900B062E1 /* Resources */,
			);
			buildRules = (
			);
			dependencies = (
				7CE3F2621A8AABA900B062E1 /* PBXTargetDependency */,
			);
			name = iBeaconsTests;
			productName = iBeaconsTests;
			productReference = 7CE3F2601A8AABA900B062E1 /* iBeaconsTests.xctest */;
			productType = "com.apple.product-type.bundle.unit-test";
		};
/* End PBXNativeTarget section */

/* Begin PBXProject section */
		7CE3F2431A8AABA900B062E1 /* Project object */ = {
			isa = PBXProject;
			attributes = {
				LastUpgradeCheck = 0610;
				ORGANIZATIONNAME = "Wojciech Kwiatek";
				TargetAttributes = {
					1A85FA661AE39710006ECA6C = {
						CreatedOnToolsVersion = 6.3;
					};
					1A85FA7C1AE39710006ECA6C = {
						CreatedOnToolsVersion = 6.3;
						TestTargetID = 1A85FA661AE39710006ECA6C;
					};
					7CE3F24A1A8AABA900B062E1 = {
						CreatedOnToolsVersion = 6.1.1;
						DevelopmentTeam = 8C3MRTNM83;
					};
					7CE3F25F1A8AABA900B062E1 = {
						CreatedOnToolsVersion = 6.1.1;
						TestTargetID = 7CE3F24A1A8AABA900B062E1;
					};
				};
			};
			buildConfigurationList = 7CE3F2461A8AABA900B062E1 /* Build configuration list for PBXProject "iBeacons" */;
			compatibilityVersion = "Xcode 3.2";
			developmentRegion = English;
			hasScannedForEncodings = 0;
			knownRegions = (
				en,
				Base,
			);
			mainGroup = 7CE3F2421A8AABA900B062E1;
			productRefGroup = 7CE3F24C1A8AABA900B062E1 /* Products */;
			projectDirPath = "";
			projectRoot = "";
			targets = (
				7CE3F24A1A8AABA900B062E1 /* iBeacons */,
				7CE3F25F1A8AABA900B062E1 /* iBeaconsTests */,
				1A85FA661AE39710006ECA6C /* iAdmin */,
				1A85FA7C1AE39710006ECA6C /* iAdminTests */,
			);
		};
/* End PBXProject section */

/* Begin PBXResourcesBuildPhase section */
		1A85FA651AE39710006ECA6C /* Resources */ = {
			isa = PBXResourcesBuildPhase;
			buildActionMask = 2147483647;
			files = (
				1A85FA731AE39710006ECA6C /* Main.storyboard in Resources */,
				1A85FA781AE39710006ECA6C /* LaunchScreen.xib in Resources */,
				1A85FA751AE39710006ECA6C /* Images.xcassets in Resources */,
			);
			runOnlyForDeploymentPostprocessing = 0;
		};
		1A85FA7B1AE39710006ECA6C /* Resources */ = {
			isa = PBXResourcesBuildPhase;
			buildActionMask = 2147483647;
			files = (
			);
			runOnlyForDeploymentPostprocessing = 0;
		};
		7CE3F2491A8AABA900B062E1 /* Resources */ = {
			isa = PBXResourcesBuildPhase;
			buildActionMask = 2147483647;
			files = (
				7CE3F2561A8AABA900B062E1 /* Main.storyboard in Resources */,
				7CE3F25B1A8AABA900B062E1 /* LaunchScreen.xib in Resources */,
				7CE3F2711A8AAC8400B062E1 /* Podfile in Resources */,
				7CE3F2581A8AABA900B062E1 /* Images.xcassets in Resources */,
			);
			runOnlyForDeploymentPostprocessing = 0;
		};
		7CE3F25E1A8AABA900B062E1 /* Resources */ = {
			isa = PBXResourcesBuildPhase;
			buildActionMask = 2147483647;
			files = (
			);
			runOnlyForDeploymentPostprocessing = 0;
		};
/* End PBXResourcesBuildPhase section */

/* Begin PBXShellScriptBuildPhase section */
		134F0F46B6A7ABBA3521F8A5 /* Check Pods Manifest.lock */ = {
			isa = PBXShellScriptBuildPhase;
			buildActionMask = 2147483647;
			files = (
			);
			inputPaths = (
			);
			name = "Check Pods Manifest.lock";
			outputPaths = (
			);
			runOnlyForDeploymentPostprocessing = 0;
			shellPath = /bin/sh;
			shellScript = "diff \"${PODS_ROOT}/../Podfile.lock\" \"${PODS_ROOT}/Manifest.lock\" > /dev/null\nif [[ $? != 0 ]] ; then\n    cat << EOM\nerror: The sandbox is not in sync with the Podfile.lock. Run 'pod install' or update your CocoaPods installation.\nEOM\n    exit 1\nfi\n";
			showEnvVarsInLog = 0;
		};
		37B8E9E89126E347BA147490 /* Copy Pods Resources */ = {
			isa = PBXShellScriptBuildPhase;
			buildActionMask = 2147483647;
			files = (
			);
			inputPaths = (
			);
			name = "Copy Pods Resources";
			outputPaths = (
			);
			runOnlyForDeploymentPostprocessing = 0;
			shellPath = /bin/sh;
			shellScript = "\"${SRCROOT}/Pods/Target Support Files/Pods/Pods-resources.sh\"\n";
			showEnvVarsInLog = 0;
		};
		4D8B7ACCB4AA0843473751A7 /* Check Pods Manifest.lock */ = {
			isa = PBXShellScriptBuildPhase;
			buildActionMask = 2147483647;
			files = (
			);
			inputPaths = (
			);
			name = "Check Pods Manifest.lock";
			outputPaths = (
			);
			runOnlyForDeploymentPostprocessing = 0;
			shellPath = /bin/sh;
			shellScript = "diff \"${PODS_ROOT}/../Podfile.lock\" \"${PODS_ROOT}/Manifest.lock\" > /dev/null\nif [[ $? != 0 ]] ; then\n    cat << EOM\nerror: The sandbox is not in sync with the Podfile.lock. Run 'pod install' or update your CocoaPods installation.\nEOM\n    exit 1\nfi\n";
			showEnvVarsInLog = 0;
		};
		887ADB8104804D2F817EF6D2 /* Copy Pods Resources */ = {
			isa = PBXShellScriptBuildPhase;
			buildActionMask = 2147483647;
			files = (
			);
			inputPaths = (
			);
			name = "Copy Pods Resources";
			outputPaths = (
			);
			runOnlyForDeploymentPostprocessing = 0;
			shellPath = /bin/sh;
			shellScript = "\"${SRCROOT}/Pods/Target Support Files/Pods/Pods-resources.sh\"\n";
			showEnvVarsInLog = 0;
		};
		9E8DCE7ABCA56535A31D8E36 /* Embed Pods Frameworks */ = {
			isa = PBXShellScriptBuildPhase;
			buildActionMask = 2147483647;
			files = (
			);
			inputPaths = (
			);
			name = "Embed Pods Frameworks";
			outputPaths = (
			);
			runOnlyForDeploymentPostprocessing = 0;
			shellPath = /bin/sh;
			shellScript = "\"${SRCROOT}/Pods/Target Support Files/Pods/Pods-frameworks.sh\"\n";
			showEnvVarsInLog = 0;
		};
		B434C9C5BBC3A5629973AED2 /* Embed Pods Frameworks */ = {
			isa = PBXShellScriptBuildPhase;
			buildActionMask = 2147483647;
			files = (
			);
			inputPaths = (
			);
			name = "Embed Pods Frameworks";
			outputPaths = (
			);
			runOnlyForDeploymentPostprocessing = 0;
			shellPath = /bin/sh;
			shellScript = "\"${SRCROOT}/Pods/Target Support Files/Pods/Pods-frameworks.sh\"\n";
			showEnvVarsInLog = 0;
		};
/* End PBXShellScriptBuildPhase section */

/* Begin PBXSourcesBuildPhase section */
		1A85FA631AE39710006ECA6C /* Sources */ = {
			isa = PBXSourcesBuildPhase;
			buildActionMask = 2147483647;
			files = (
				FF0AFE961AF0235600B21462 /* BeaconsTableViewController.swift in Sources */,
				FF9C12BF1AF15F6E0065C9F5 /* BeaconFeeder.swift in Sources */,
				FF0AFE941AF01F2700B21462 /* InitViewController.swift in Sources */,
				1A85FA6C1AE39710006ECA6C /* AppDelegate.swift in Sources */,
				FF3084681AF097E500495295 /* BeaconDetailsViewController.swift in Sources */,
				FF3084661AF0918D00495295 /* BeaconTableViewCell.swift in Sources */,
				FF9C12BD1AF15F330065C9F5 /* Beacon.swift in Sources */,
			);
			runOnlyForDeploymentPostprocessing = 0;
		};
		1A85FA791AE39710006ECA6C /* Sources */ = {
			isa = PBXSourcesBuildPhase;
			buildActionMask = 2147483647;
			files = (
				1A85FA841AE39710006ECA6C /* iAdminTests.swift in Sources */,
			);
			runOnlyForDeploymentPostprocessing = 0;
		};
		7CE3F2471A8AABA900B062E1 /* Sources */ = {
			isa = PBXSourcesBuildPhase;
			buildActionMask = 2147483647;
			files = (
				7CE3F2531A8AABA900B062E1 /* DetailsViewController.swift in Sources */,
				FFDC71101AB1F8C100AB2D0A /* BeaconManager.swift in Sources */,
				FF00B3991ABEF244005140B2 /* UrlDetailsViewController.swift in Sources */,
				FF35CA6A1ADCC14500D02526 /* Utils.swift in Sources */,
				FF876D621AA62A000013D613 /* BejkonREST.swift in Sources */,
				FFB536691AB5C82500F98554 /* NoSignalViewController.swift in Sources */,
				7CE3F2511A8AABA900B062E1 /* AppDelegate.swift in Sources */,
			);
			runOnlyForDeploymentPostprocessing = 0;
		};
		7CE3F25C1A8AABA900B062E1 /* Sources */ = {
			isa = PBXSourcesBuildPhase;
			buildActionMask = 2147483647;
			files = (
				7CE3F2671A8AABA900B062E1 /* iBeaconsTests.swift in Sources */,
			);
			runOnlyForDeploymentPostprocessing = 0;
		};
/* End PBXSourcesBuildPhase section */

/* Begin PBXTargetDependency section */
		1A85FA7F1AE39710006ECA6C /* PBXTargetDependency */ = {
			isa = PBXTargetDependency;
			target = 1A85FA661AE39710006ECA6C /* iAdmin */;
			targetProxy = 1A85FA7E1AE39710006ECA6C /* PBXContainerItemProxy */;
		};
		7CE3F2621A8AABA900B062E1 /* PBXTargetDependency */ = {
			isa = PBXTargetDependency;
			target = 7CE3F24A1A8AABA900B062E1 /* iBeacons */;
			targetProxy = 7CE3F2611A8AABA900B062E1 /* PBXContainerItemProxy */;
		};
/* End PBXTargetDependency section */

/* Begin PBXVariantGroup section */
		1A85FA711AE39710006ECA6C /* Main.storyboard */ = {
			isa = PBXVariantGroup;
			children = (
				1A85FA721AE39710006ECA6C /* Base */,
			);
			name = Main.storyboard;
			sourceTree = "<group>";
		};
		1A85FA761AE39710006ECA6C /* LaunchScreen.xib */ = {
			isa = PBXVariantGroup;
			children = (
				1A85FA771AE39710006ECA6C /* Base */,
			);
			name = LaunchScreen.xib;
			sourceTree = "<group>";
		};
		7CE3F2541A8AABA900B062E1 /* Main.storyboard */ = {
			isa = PBXVariantGroup;
			children = (
				7CE3F2551A8AABA900B062E1 /* Base */,
			);
			name = Main.storyboard;
			sourceTree = "<group>";
		};
		7CE3F2591A8AABA900B062E1 /* LaunchScreen.xib */ = {
			isa = PBXVariantGroup;
			children = (
				7CE3F25A1A8AABA900B062E1 /* Base */,
			);
			name = LaunchScreen.xib;
			sourceTree = "<group>";
		};
/* End PBXVariantGroup section */

/* Begin XCBuildConfiguration section */
		1A85FA851AE39710006ECA6C /* Debug */ = {
			isa = XCBuildConfiguration;
			baseConfigurationReference = 099D27526693DBED581D63FF /* Pods.debug.xcconfig */;
			buildSettings = {
				ASSETCATALOG_COMPILER_APPICON_NAME = AppIcon;
				"CODE_SIGN_IDENTITY[sdk=iphoneos*]" = "iPhone Developer";
				DEBUG_INFORMATION_FORMAT = "dwarf-with-dsym";
				GCC_NO_COMMON_BLOCKS = YES;
				GCC_PREPROCESSOR_DEFINITIONS = (
					"DEBUG=1",
					"$(inherited)",
				);
				INFOPLIST_FILE = iAdmin/Info.plist;
				IPHONEOS_DEPLOYMENT_TARGET = 8.3;
				LD_RUNPATH_SEARCH_PATHS = "$(inherited) @executable_path/Frameworks";
				PRODUCT_NAME = "$(TARGET_NAME)";
				SWIFT_OBJC_BRIDGING_HEADER = iAdmin/ObjCBridge.h;
			};
			name = Debug;
		};
		1A85FA861AE39710006ECA6C /* Release */ = {
			isa = XCBuildConfiguration;
			baseConfigurationReference = B67A35AA18216FDAE0D80797 /* Pods.release.xcconfig */;
			buildSettings = {
				ASSETCATALOG_COMPILER_APPICON_NAME = AppIcon;
				"CODE_SIGN_IDENTITY[sdk=iphoneos*]" = "iPhone Developer";
				COPY_PHASE_STRIP = NO;
				DEBUG_INFORMATION_FORMAT = "dwarf-with-dsym";
				GCC_NO_COMMON_BLOCKS = YES;
				INFOPLIST_FILE = iAdmin/Info.plist;
				IPHONEOS_DEPLOYMENT_TARGET = 8.3;
				LD_RUNPATH_SEARCH_PATHS = "$(inherited) @executable_path/Frameworks";
				PRODUCT_NAME = "$(TARGET_NAME)";
				SWIFT_OBJC_BRIDGING_HEADER = iAdmin/ObjCBridge.h;
			};
			name = Release;
		};
		1A85FA871AE39710006ECA6C /* Debug */ = {
			isa = XCBuildConfiguration;
			buildSettings = {
				BUNDLE_LOADER = "$(TEST_HOST)";
				DEBUG_INFORMATION_FORMAT = "dwarf-with-dsym";
				FRAMEWORK_SEARCH_PATHS = (
					"$(SDKROOT)/Developer/Library/Frameworks",
					"$(inherited)",
				);
				GCC_NO_COMMON_BLOCKS = YES;
				GCC_PREPROCESSOR_DEFINITIONS = (
					"DEBUG=1",
					"$(inherited)",
				);
				INFOPLIST_FILE = iAdminTests/Info.plist;
				IPHONEOS_DEPLOYMENT_TARGET = 8.3;
				LD_RUNPATH_SEARCH_PATHS = "$(inherited) @executable_path/Frameworks @loader_path/Frameworks";
				PRODUCT_NAME = "$(TARGET_NAME)";
				TEST_HOST = "$(BUILT_PRODUCTS_DIR)/iAdmin.app/iAdmin";
			};
			name = Debug;
		};
		1A85FA881AE39710006ECA6C /* Release */ = {
			isa = XCBuildConfiguration;
			buildSettings = {
				BUNDLE_LOADER = "$(TEST_HOST)";
				COPY_PHASE_STRIP = NO;
				DEBUG_INFORMATION_FORMAT = "dwarf-with-dsym";
				FRAMEWORK_SEARCH_PATHS = (
					"$(SDKROOT)/Developer/Library/Frameworks",
					"$(inherited)",
				);
				GCC_NO_COMMON_BLOCKS = YES;
				INFOPLIST_FILE = iAdminTests/Info.plist;
				IPHONEOS_DEPLOYMENT_TARGET = 8.3;
				LD_RUNPATH_SEARCH_PATHS = "$(inherited) @executable_path/Frameworks @loader_path/Frameworks";
				PRODUCT_NAME = "$(TARGET_NAME)";
				TEST_HOST = "$(BUILT_PRODUCTS_DIR)/iAdmin.app/iAdmin";
			};
			name = Release;
		};
		7CE3F2681A8AABA900B062E1 /* Debug */ = {
			isa = XCBuildConfiguration;
			buildSettings = {
				ALWAYS_SEARCH_USER_PATHS = NO;
				CLANG_CXX_LANGUAGE_STANDARD = "gnu++0x";
				CLANG_CXX_LIBRARY = "libc++";
				CLANG_ENABLE_MODULES = YES;
				CLANG_ENABLE_OBJC_ARC = YES;
				CLANG_WARN_BOOL_CONVERSION = YES;
				CLANG_WARN_CONSTANT_CONVERSION = YES;
				CLANG_WARN_DIRECT_OBJC_ISA_USAGE = YES_ERROR;
				CLANG_WARN_EMPTY_BODY = YES;
				CLANG_WARN_ENUM_CONVERSION = YES;
				CLANG_WARN_INT_CONVERSION = YES;
				CLANG_WARN_OBJC_ROOT_CLASS = YES_ERROR;
				CLANG_WARN_UNREACHABLE_CODE = YES;
				CLANG_WARN__DUPLICATE_METHOD_MATCH = YES;
				CODE_SIGN_IDENTITY = "iPhone Developer: Norbert Kozlowski (NVBRBYZ9UY)";
				"CODE_SIGN_IDENTITY[sdk=iphoneos*]" = "iPhone Developer: Norbert Kozlowski (NVBRBYZ9UY)";
				COPY_PHASE_STRIP = NO;
				ENABLE_STRICT_OBJC_MSGSEND = YES;
				GCC_C_LANGUAGE_STANDARD = gnu99;
				GCC_DYNAMIC_NO_PIC = NO;
				GCC_OPTIMIZATION_LEVEL = 0;
				GCC_PREPROCESSOR_DEFINITIONS = (
					"DEBUG=1",
					"$(inherited)",
				);
				GCC_SYMBOLS_PRIVATE_EXTERN = NO;
				GCC_WARN_64_TO_32_BIT_CONVERSION = YES;
				GCC_WARN_ABOUT_RETURN_TYPE = YES_ERROR;
				GCC_WARN_UNDECLARED_SELECTOR = YES;
				GCC_WARN_UNINITIALIZED_AUTOS = YES_AGGRESSIVE;
				GCC_WARN_UNUSED_FUNCTION = YES;
				GCC_WARN_UNUSED_VARIABLE = YES;
				IPHONEOS_DEPLOYMENT_TARGET = 8.1;
				MTL_ENABLE_DEBUG_INFO = YES;
				ONLY_ACTIVE_ARCH = YES;
				SDKROOT = iphoneos;
				SWIFT_OPTIMIZATION_LEVEL = "-Onone";
			};
			name = Debug;
		};
		7CE3F2691A8AABA900B062E1 /* Release */ = {
			isa = XCBuildConfiguration;
			buildSettings = {
				ALWAYS_SEARCH_USER_PATHS = NO;
				CLANG_CXX_LANGUAGE_STANDARD = "gnu++0x";
				CLANG_CXX_LIBRARY = "libc++";
				CLANG_ENABLE_MODULES = YES;
				CLANG_ENABLE_OBJC_ARC = YES;
				CLANG_WARN_BOOL_CONVERSION = YES;
				CLANG_WARN_CONSTANT_CONVERSION = YES;
				CLANG_WARN_DIRECT_OBJC_ISA_USAGE = YES_ERROR;
				CLANG_WARN_EMPTY_BODY = YES;
				CLANG_WARN_ENUM_CONVERSION = YES;
				CLANG_WARN_INT_CONVERSION = YES;
				CLANG_WARN_OBJC_ROOT_CLASS = YES_ERROR;
				CLANG_WARN_UNREACHABLE_CODE = YES;
				CLANG_WARN__DUPLICATE_METHOD_MATCH = YES;
				CODE_SIGN_IDENTITY = "iPhone Developer: Norbert Kozlowski (NVBRBYZ9UY)";
				"CODE_SIGN_IDENTITY[sdk=iphoneos*]" = "iPhone Developer: Norbert Kozlowski (NVBRBYZ9UY)";
				COPY_PHASE_STRIP = YES;
				ENABLE_NS_ASSERTIONS = NO;
				ENABLE_STRICT_OBJC_MSGSEND = YES;
				GCC_C_LANGUAGE_STANDARD = gnu99;
				GCC_WARN_64_TO_32_BIT_CONVERSION = YES;
				GCC_WARN_ABOUT_RETURN_TYPE = YES_ERROR;
				GCC_WARN_UNDECLARED_SELECTOR = YES;
				GCC_WARN_UNINITIALIZED_AUTOS = YES_AGGRESSIVE;
				GCC_WARN_UNUSED_FUNCTION = YES;
				GCC_WARN_UNUSED_VARIABLE = YES;
				IPHONEOS_DEPLOYMENT_TARGET = 8.1;
				MTL_ENABLE_DEBUG_INFO = NO;
				SDKROOT = iphoneos;
				VALIDATE_PRODUCT = YES;
			};
			name = Release;
		};
		7CE3F26B1A8AABA900B062E1 /* Debug */ = {
			isa = XCBuildConfiguration;
			baseConfigurationReference = 099D27526693DBED581D63FF /* Pods.debug.xcconfig */;
			buildSettings = {
				ASSETCATALOG_COMPILER_APPICON_NAME = AppIcon;
				CODE_SIGN_IDENTITY = "iPhone Developer";
				INFOPLIST_FILE = iBeacons/Info.plist;
				LD_RUNPATH_SEARCH_PATHS = "$(inherited) @executable_path/Frameworks";
				PRODUCT_NAME = "$(TARGET_NAME)";
				SWIFT_OBJC_BRIDGING_HEADER = "";
			};
			name = Debug;
		};
		7CE3F26C1A8AABA900B062E1 /* Release */ = {
			isa = XCBuildConfiguration;
			baseConfigurationReference = B67A35AA18216FDAE0D80797 /* Pods.release.xcconfig */;
			buildSettings = {
				ASSETCATALOG_COMPILER_APPICON_NAME = AppIcon;
				CODE_SIGN_IDENTITY = "iPhone Developer";
				INFOPLIST_FILE = iBeacons/Info.plist;
				LD_RUNPATH_SEARCH_PATHS = "$(inherited) @executable_path/Frameworks";
				PRODUCT_NAME = "$(TARGET_NAME)";
				SWIFT_OBJC_BRIDGING_HEADER = "";
			};
			name = Release;
		};
		7CE3F26E1A8AABA900B062E1 /* Debug */ = {
			isa = XCBuildConfiguration;
			buildSettings = {
				BUNDLE_LOADER = "$(TEST_HOST)";
				FRAMEWORK_SEARCH_PATHS = (
					"$(SDKROOT)/Developer/Library/Frameworks",
					"$(inherited)",
				);
				GCC_PREPROCESSOR_DEFINITIONS = (
					"DEBUG=1",
					"$(inherited)",
				);
				INFOPLIST_FILE = iBeaconsTests/Info.plist;
				LD_RUNPATH_SEARCH_PATHS = "$(inherited) @executable_path/Frameworks @loader_path/Frameworks";
				PRODUCT_NAME = "$(TARGET_NAME)";
				TEST_HOST = "$(BUILT_PRODUCTS_DIR)/iBeacons.app/iBeacons";
			};
			name = Debug;
		};
		7CE3F26F1A8AABA900B062E1 /* Release */ = {
			isa = XCBuildConfiguration;
			buildSettings = {
				BUNDLE_LOADER = "$(TEST_HOST)";
				FRAMEWORK_SEARCH_PATHS = (
					"$(SDKROOT)/Developer/Library/Frameworks",
					"$(inherited)",
				);
				INFOPLIST_FILE = iBeaconsTests/Info.plist;
				LD_RUNPATH_SEARCH_PATHS = "$(inherited) @executable_path/Frameworks @loader_path/Frameworks";
				PRODUCT_NAME = "$(TARGET_NAME)";
				TEST_HOST = "$(BUILT_PRODUCTS_DIR)/iBeacons.app/iBeacons";
			};
			name = Release;
		};
/* End XCBuildConfiguration section */

/* Begin XCConfigurationList section */
		1A85FA891AE39710006ECA6C /* Build configuration list for PBXNativeTarget "iAdmin" */ = {
			isa = XCConfigurationList;
			buildConfigurations = (
				1A85FA851AE39710006ECA6C /* Debug */,
				1A85FA861AE39710006ECA6C /* Release */,
			);
			defaultConfigurationIsVisible = 0;
			defaultConfigurationName = Release;
		};
		1A85FA8A1AE39710006ECA6C /* Build configuration list for PBXNativeTarget "iAdminTests" */ = {
			isa = XCConfigurationList;
			buildConfigurations = (
				1A85FA871AE39710006ECA6C /* Debug */,
				1A85FA881AE39710006ECA6C /* Release */,
			);
			defaultConfigurationIsVisible = 0;
			defaultConfigurationName = Release;
		};
		7CE3F2461A8AABA900B062E1 /* Build configuration list for PBXProject "iBeacons" */ = {
			isa = XCConfigurationList;
			buildConfigurations = (
				7CE3F2681A8AABA900B062E1 /* Debug */,
				7CE3F2691A8AABA900B062E1 /* Release */,
			);
			defaultConfigurationIsVisible = 0;
			defaultConfigurationName = Release;
		};
		7CE3F26A1A8AABA900B062E1 /* Build configuration list for PBXNativeTarget "iBeacons" */ = {
			isa = XCConfigurationList;
			buildConfigurations = (
				7CE3F26B1A8AABA900B062E1 /* Debug */,
				7CE3F26C1A8AABA900B062E1 /* Release */,
			);
			defaultConfigurationIsVisible = 0;
			defaultConfigurationName = Release;
		};
		7CE3F26D1A8AABA900B062E1 /* Build configuration list for PBXNativeTarget "iBeaconsTests" */ = {
			isa = XCConfigurationList;
			buildConfigurations = (
				7CE3F26E1A8AABA900B062E1 /* Debug */,
				7CE3F26F1A8AABA900B062E1 /* Release */,
			);
			defaultConfigurationIsVisible = 0;
			defaultConfigurationName = Release;
		};
/* End XCConfigurationList section */
	};
	rootObject = 7CE3F2431A8AABA900B062E1 /* Project object */;
}
